
Microsoft Visual Studio Solution File, Format Version 12.00
# Visual Studio Version 17
VisualStudioVersion = 17.7.34024.191
MinimumVisualStudioVersion = 10.0.40219.1
Project("{FAE04EC0-301F-11D3-BF4B-00C04F79EFBC}") = "Usuarios", "Usuarios\Usuarios.csproj", "{1F61A947-70FE-4B98-9E85-78E34F1A881F}"
EndProject
Project("{FAE04EC0-301F-11D3-BF4B-00C04F79EFBC}") = "Dao", "Dao\Dao.csproj", "{B8FAA8CC-5FE3-4640-9B33-BA85C0AE0183}"
EndProject
Global
	GlobalSection(SolutionConfigurationPlatforms) = preSolution
		Debug|Any CPU = Debug|Any CPU
		Release|Any CPU = Release|Any CPU
	EndGlobalSection
	GlobalSection(ProjectConfigurationPlatforms) = postSolution
		{1F61A947-70FE-4B98-9E85-78E34F1A881F}.Debug|Any CPU.ActiveCfg = Debug|Any CPU
		{1F61A947-70FE-4B98-9E85-78E34F1A881F}.Debug|Any CPU.Build.0 = Debug|Any CPU
		{1F61A947-70FE-4B98-9E85-78E34F1A881F}.Release|Any CPU.ActiveCfg = Release|Any CPU
		{1F61A947-70FE-4B98-9E85-78E34F1A881F}.Release|Any CPU.Build.0 = Release|Any CPU
		{B8FAA8CC-5FE3-4640-9B33-BA85C0AE0183}.Debug|Any CPU.ActiveCfg = Debug|Any CPU
		{B8FAA8CC-5FE3-4640-9B33-BA85C0AE0183}.Debug|Any CPU.Build.0 = Debug|Any CPU
		{B8FAA8CC-5FE3-4640-9B33-BA85C0AE0183}.Release|Any CPU.ActiveCfg = Release|Any CPU
		{B8FAA8CC-5FE3-4640-9B33-BA85C0AE0183}.Release|Any CPU.Build.0 = Release|Any CPU
	EndGlobalSection
	GlobalSection(SolutionProperties) = preSolution
		HideSolutionNode = FALSE
	EndGlobalSection
	GlobalSection(ExtensibilityGlobals) = postSolution
		SolutionGuid = {98980C70-DAB3-466B-AC69-3C00270E525B}
	EndGlobalSection
EndGlobal
